// !$*UTF8*$!
{
	archiveVersion = 1;
	classes = {
	};
	objectVersion = 50;
	objects = {

/* Begin PBXBuildFile section */
		860D6BAD210080A700D05F7F /* AppDelegate.m in Sources */ = {isa = PBXBuildFile; fileRef = 860D6BAC210080A700D05F7F /* AppDelegate.m */; };
		860D6BB3210080A800D05F7F /* Main.storyboard in Resources */ = {isa = PBXBuildFile; fileRef = 860D6BB1210080A800D05F7F /* Main.storyboard */; };
		860D6BB5210080A900D05F7F /* Assets.xcassets in Resources */ = {isa = PBXBuildFile; fileRef = 860D6BB4210080A900D05F7F /* Assets.xcassets */; };
		860D6BB8210080A900D05F7F /* LaunchScreen.storyboard in Resources */ = {isa = PBXBuildFile; fileRef = 860D6BB6210080A900D05F7F /* LaunchScreen.storyboard */; };
		860D6BBB210080AA00D05F7F /* main.m in Sources */ = {isa = PBXBuildFile; fileRef = 860D6BBA210080AA00D05F7F /* main.m */; };
		860D6BC5210080AA00D05F7F /* AudioPlayerTests.m in Sources */ = {isa = PBXBuildFile; fileRef = 860D6BC4210080AA00D05F7F /* AudioPlayerTests.m */; };
		860D6BD0210080AA00D05F7F /* AudioPlayerUITests.m in Sources */ = {isa = PBXBuildFile; fileRef = 860D6BCF210080AA00D05F7F /* AudioPlayerUITests.m */; };
		860D6BDF210080DA00D05F7F /* VCAudioPlayer.m in Sources */ = {isa = PBXBuildFile; fileRef = 860D6BDE210080DA00D05F7F /* VCAudioPlayer.m */; };
		8616D587210736C100AC40FE /* VCRecords.m in Sources */ = {isa = PBXBuildFile; fileRef = 8616D586210736C100AC40FE /* VCRecords.m */; };
		8616D58B21073D4C00AC40FE /* RTCell.m in Sources */ = {isa = PBXBuildFile; fileRef = 8616D58A21073D4C00AC40FE /* RTCell.m */; };
		8616D58F210748DC00AC40FE /* STCell.m in Sources */ = {isa = PBXBuildFile; fileRef = 8616D58E210748DC00AC40FE /* STCell.m */; };
		863880462100DA9B009F8A66 /* VCSongs.m in Sources */ = {isa = PBXBuildFile; fileRef = 863880452100DA9B009F8A66 /* VCSongs.m */; };
		8638804A2100DB17009F8A66 /* FileManager.m in Sources */ = {isa = PBXBuildFile; fileRef = 863880492100DB17009F8A66 /* FileManager.m */; };
		864AD3732109DA890050A933 /* AnimationManager.m in Sources */ = {isa = PBXBuildFile; fileRef = 864AD3722109DA890050A933 /* AnimationManager.m */; };
		8652C2DE21085A6C00B5D399 /* TimeManager.m in Sources */ = {isa = PBXBuildFile; fileRef = 8652C2DD21085A6C00B5D399 /* TimeManager.m */; };
		8698297E2100A08900934B9F /* AudioManager.m in Sources */ = {isa = PBXBuildFile; fileRef = 8698297D2100A08900934B9F /* AudioManager.m */; };
		869829872100B74A00934B9F /* VCAudioRecorder.m in Sources */ = {isa = PBXBuildFile; fileRef = 869829862100B74A00934B9F /* VCAudioRecorder.m */; };
		8698298C2100CBF900934B9F /* AlertManager.m in Sources */ = {isa = PBXBuildFile; fileRef = 8698298B2100CBF900934B9F /* AlertManager.m */; };
		869959CF2102095D0062029F /* AudioPlayer.m in Sources */ = {isa = PBXBuildFile; fileRef = 869959CE2102095D0062029F /* AudioPlayer.m */; };
		86BF31BF2105CC2800522FB4 /* AppManager.m in Sources */ = {isa = PBXBuildFile; fileRef = 86BF31BE2105CC2800522FB4 /* AppManager.m */; };
		86BF31C42105D02600522FB4 /* RLMFolder.m in Sources */ = {isa = PBXBuildFile; fileRef = 86BF31C32105D02600522FB4 /* RLMFolder.m */; };
		86BF31CA21061A5000522FB4 /* VCMenu.m in Sources */ = {isa = PBXBuildFile; fileRef = 86BF31C921061A5000522FB4 /* VCMenu.m */; };
		FC31AC0067F5847F20F2D2C3 /* libPods-AudioPlayer.a in Frameworks */ = {isa = PBXBuildFile; fileRef = F19B956912A9E2827A135A8D /* libPods-AudioPlayer.a */; };
		FE2A01F145AB36854778C0FD /* libPods-AudioPlayerTests.a in Frameworks */ = {isa = PBXBuildFile; fileRef = 97F861B54A431239C41EF7EC /* libPods-AudioPlayerTests.a */; };
		FF11EA2E606C55C621A66001 /* libPods-AudioPlayerUITests.a in Frameworks */ = {isa = PBXBuildFile; fileRef = B6F44C9B37CAEF7FAA311FBE /* libPods-AudioPlayerUITests.a */; };
/* End PBXBuildFile section */

/* Begin PBXContainerItemProxy section */
		860D6BC1210080AA00D05F7F /* PBXContainerItemProxy */ = {
			isa = PBXContainerItemProxy;
			containerPortal = 860D6BA0210080A700D05F7F /* Project object */;
			proxyType = 1;
			remoteGlobalIDString = 860D6BA7210080A700D05F7F;
			remoteInfo = AudioPlayer;
		};
		860D6BCC210080AA00D05F7F /* PBXContainerItemProxy */ = {
			isa = PBXContainerItemProxy;
			containerPortal = 860D6BA0210080A700D05F7F /* Project object */;
			proxyType = 1;
			remoteGlobalIDString = 860D6BA7210080A700D05F7F;
			remoteInfo = AudioPlayer;
		};
/* End PBXContainerItemProxy section */

/* Begin PBXFileReference section */
		2F88FC7F74607E2A560BA931 /* Pods-AudioPlayerTests.debug.xcconfig */ = {isa = PBXFileReference; includeInIndex = 1; lastKnownFileType = text.xcconfig; name = "Pods-AudioPlayerTests.debug.xcconfig"; path = "Pods/Target Support Files/Pods-AudioPlayerTests/Pods-AudioPlayerTests.debug.xcconfig"; sourceTree = "<group>"; };
		3DE18BF3FBA0238E051647FE /* Pods-AudioPlayerUITests.release.xcconfig */ = {isa = PBXFileReference; includeInIndex = 1; lastKnownFileType = text.xcconfig; name = "Pods-AudioPlayerUITests.release.xcconfig"; path = "Pods/Target Support Files/Pods-AudioPlayerUITests/Pods-AudioPlayerUITests.release.xcconfig"; sourceTree = "<group>"; };
		3F9D6C5E7D90840382C8E12F /* Pods-AudioPlayerTests.release.xcconfig */ = {isa = PBXFileReference; includeInIndex = 1; lastKnownFileType = text.xcconfig; name = "Pods-AudioPlayerTests.release.xcconfig"; path = "Pods/Target Support Files/Pods-AudioPlayerTests/Pods-AudioPlayerTests.release.xcconfig"; sourceTree = "<group>"; };
		4FB6CDED64488A044B249003 /* Pods-AudioPlayer.release.xcconfig */ = {isa = PBXFileReference; includeInIndex = 1; lastKnownFileType = text.xcconfig; name = "Pods-AudioPlayer.release.xcconfig"; path = "Pods/Target Support Files/Pods-AudioPlayer/Pods-AudioPlayer.release.xcconfig"; sourceTree = "<group>"; };
		6B1F80D1D5CE828FB13318BF /* Pods-AudioPlayer.debug.xcconfig */ = {isa = PBXFileReference; includeInIndex = 1; lastKnownFileType = text.xcconfig; name = "Pods-AudioPlayer.debug.xcconfig"; path = "Pods/Target Support Files/Pods-AudioPlayer/Pods-AudioPlayer.debug.xcconfig"; sourceTree = "<group>"; };
		81E300819E8363C821535427 /* Pods-AudioPlayerUITests.debug.xcconfig */ = {isa = PBXFileReference; includeInIndex = 1; lastKnownFileType = text.xcconfig; name = "Pods-AudioPlayerUITests.debug.xcconfig"; path = "Pods/Target Support Files/Pods-AudioPlayerUITests/Pods-AudioPlayerUITests.debug.xcconfig"; sourceTree = "<group>"; };
		860D6BA8210080A700D05F7F /* AudioPlayer.app */ = {isa = PBXFileReference; explicitFileType = wrapper.application; includeInIndex = 0; path = AudioPlayer.app; sourceTree = BUILT_PRODUCTS_DIR; };
		860D6BAB210080A700D05F7F /* AppDelegate.h */ = {isa = PBXFileReference; lastKnownFileType = sourcecode.c.h; path = AppDelegate.h; sourceTree = "<group>"; };
		860D6BAC210080A700D05F7F /* AppDelegate.m */ = {isa = PBXFileReference; lastKnownFileType = sourcecode.c.objc; path = AppDelegate.m; sourceTree = "<group>"; };
		860D6BB2210080A800D05F7F /* Base */ = {isa = PBXFileReference; lastKnownFileType = file.storyboard; name = Base; path = Base.lproj/Main.storyboard; sourceTree = "<group>"; };
		860D6BB4210080A900D05F7F /* Assets.xcassets */ = {isa = PBXFileReference; lastKnownFileType = folder.assetcatalog; path = Assets.xcassets; sourceTree = "<group>"; };
		860D6BB7210080A900D05F7F /* Base */ = {isa = PBXFileReference; lastKnownFileType = file.storyboard; name = Base; path = Base.lproj/LaunchScreen.storyboard; sourceTree = "<group>"; };
		860D6BB9210080AA00D05F7F /* Info.plist */ = {isa = PBXFileReference; lastKnownFileType = text.plist.xml; path = Info.plist; sourceTree = "<group>"; };
		860D6BBA210080AA00D05F7F /* main.m */ = {isa = PBXFileReference; lastKnownFileType = sourcecode.c.objc; path = main.m; sourceTree = "<group>"; };
		860D6BC0210080AA00D05F7F /* AudioPlayerTests.xctest */ = {isa = PBXFileReference; explicitFileType = wrapper.cfbundle; includeInIndex = 0; path = AudioPlayerTests.xctest; sourceTree = BUILT_PRODUCTS_DIR; };
		860D6BC4210080AA00D05F7F /* AudioPlayerTests.m */ = {isa = PBXFileReference; lastKnownFileType = sourcecode.c.objc; path = AudioPlayerTests.m; sourceTree = "<group>"; };
		860D6BC6210080AA00D05F7F /* Info.plist */ = {isa = PBXFileReference; lastKnownFileType = text.plist.xml; path = Info.plist; sourceTree = "<group>"; };
		860D6BCB210080AA00D05F7F /* AudioPlayerUITests.xctest */ = {isa = PBXFileReference; explicitFileType = wrapper.cfbundle; includeInIndex = 0; path = AudioPlayerUITests.xctest; sourceTree = BUILT_PRODUCTS_DIR; };
		860D6BCF210080AA00D05F7F /* AudioPlayerUITests.m */ = {isa = PBXFileReference; lastKnownFileType = sourcecode.c.objc; path = AudioPlayerUITests.m; sourceTree = "<group>"; };
		860D6BD1210080AA00D05F7F /* Info.plist */ = {isa = PBXFileReference; lastKnownFileType = text.plist.xml; path = Info.plist; sourceTree = "<group>"; };
		860D6BDD210080DA00D05F7F /* VCAudioPlayer.h */ = {isa = PBXFileReference; lastKnownFileType = sourcecode.c.h; path = VCAudioPlayer.h; sourceTree = "<group>"; };
		860D6BDE210080DA00D05F7F /* VCAudioPlayer.m */ = {isa = PBXFileReference; lastKnownFileType = sourcecode.c.objc; path = VCAudioPlayer.m; sourceTree = "<group>"; };
		8616D585210736C100AC40FE /* VCRecords.h */ = {isa = PBXFileReference; lastKnownFileType = sourcecode.c.h; path = VCRecords.h; sourceTree = "<group>"; };
		8616D586210736C100AC40FE /* VCRecords.m */ = {isa = PBXFileReference; lastKnownFileType = sourcecode.c.objc; path = VCRecords.m; sourceTree = "<group>"; };
		8616D58921073D4C00AC40FE /* RTCell.h */ = {isa = PBXFileReference; lastKnownFileType = sourcecode.c.h; path = RTCell.h; sourceTree = "<group>"; };
		8616D58A21073D4C00AC40FE /* RTCell.m */ = {isa = PBXFileReference; lastKnownFileType = sourcecode.c.objc; path = RTCell.m; sourceTree = "<group>"; };
		8616D58D210748DC00AC40FE /* STCell.h */ = {isa = PBXFileReference; lastKnownFileType = sourcecode.c.h; path = STCell.h; sourceTree = "<group>"; };
		8616D58E210748DC00AC40FE /* STCell.m */ = {isa = PBXFileReference; lastKnownFileType = sourcecode.c.objc; path = STCell.m; sourceTree = "<group>"; };
		863880442100DA9B009F8A66 /* VCSongs.h */ = {isa = PBXFileReference; lastKnownFileType = sourcecode.c.h; path = VCSongs.h; sourceTree = "<group>"; };
		863880452100DA9B009F8A66 /* VCSongs.m */ = {isa = PBXFileReference; lastKnownFileType = sourcecode.c.objc; path = VCSongs.m; sourceTree = "<group>"; };
		863880482100DB17009F8A66 /* FileManager.h */ = {isa = PBXFileReference; lastKnownFileType = sourcecode.c.h; path = FileManager.h; sourceTree = "<group>"; };
		863880492100DB17009F8A66 /* FileManager.m */ = {isa = PBXFileReference; lastKnownFileType = sourcecode.c.objc; path = FileManager.m; sourceTree = "<group>"; };
		864AD3712109DA890050A933 /* AnimationManager.h */ = {isa = PBXFileReference; lastKnownFileType = sourcecode.c.h; path = AnimationManager.h; sourceTree = "<group>"; };
		864AD3722109DA890050A933 /* AnimationManager.m */ = {isa = PBXFileReference; lastKnownFileType = sourcecode.c.objc; path = AnimationManager.m; sourceTree = "<group>"; };
		8652C2DC21085A6C00B5D399 /* TimeManager.h */ = {isa = PBXFileReference; lastKnownFileType = sourcecode.c.h; path = TimeManager.h; sourceTree = "<group>"; };
		8652C2DD21085A6C00B5D399 /* TimeManager.m */ = {isa = PBXFileReference; lastKnownFileType = sourcecode.c.objc; path = TimeManager.m; sourceTree = "<group>"; };
		8698297C2100A08900934B9F /* AudioManager.h */ = {isa = PBXFileReference; lastKnownFileType = sourcecode.c.h; path = AudioManager.h; sourceTree = "<group>"; };
		8698297D2100A08900934B9F /* AudioManager.m */ = {isa = PBXFileReference; lastKnownFileType = sourcecode.c.objc; path = AudioManager.m; sourceTree = "<group>"; };
		869829852100B74A00934B9F /* VCAudioRecorder.h */ = {isa = PBXFileReference; lastKnownFileType = sourcecode.c.h; path = VCAudioRecorder.h; sourceTree = "<group>"; };
		869829862100B74A00934B9F /* VCAudioRecorder.m */ = {isa = PBXFileReference; lastKnownFileType = sourcecode.c.objc; path = VCAudioRecorder.m; sourceTree = "<group>"; };
		8698298A2100CBF900934B9F /* AlertManager.h */ = {isa = PBXFileReference; lastKnownFileType = sourcecode.c.h; path = AlertManager.h; sourceTree = "<group>"; };
		8698298B2100CBF900934B9F /* AlertManager.m */ = {isa = PBXFileReference; lastKnownFileType = sourcecode.c.objc; path = AlertManager.m; sourceTree = "<group>"; };
		869959CD2102095D0062029F /* AudioPlayer.h */ = {isa = PBXFileReference; lastKnownFileType = sourcecode.c.h; path = AudioPlayer.h; sourceTree = "<group>"; };
		869959CE2102095D0062029F /* AudioPlayer.m */ = {isa = PBXFileReference; lastKnownFileType = sourcecode.c.objc; path = AudioPlayer.m; sourceTree = "<group>"; };
		86BF31BD2105CC2800522FB4 /* AppManager.h */ = {isa = PBXFileReference; lastKnownFileType = sourcecode.c.h; path = AppManager.h; sourceTree = "<group>"; };
		86BF31BE2105CC2800522FB4 /* AppManager.m */ = {isa = PBXFileReference; lastKnownFileType = sourcecode.c.objc; path = AppManager.m; sourceTree = "<group>"; };
		86BF31C22105D02600522FB4 /* RLMFolder.h */ = {isa = PBXFileReference; lastKnownFileType = sourcecode.c.h; path = RLMFolder.h; sourceTree = "<group>"; };
		86BF31C32105D02600522FB4 /* RLMFolder.m */ = {isa = PBXFileReference; lastKnownFileType = sourcecode.c.objc; path = RLMFolder.m; sourceTree = "<group>"; };
		86BF31C5210617EE00522FB4 /* iTunesLibrary.framework */ = {isa = PBXFileReference; lastKnownFileType = wrapper.framework; name = iTunesLibrary.framework; path = ../../../Library/Frameworks/iTunesLibrary.framework; sourceTree = "<group>"; };
		86BF31C821061A5000522FB4 /* VCMenu.h */ = {isa = PBXFileReference; lastKnownFileType = sourcecode.c.h; path = VCMenu.h; sourceTree = "<group>"; };
		86BF31C921061A5000522FB4 /* VCMenu.m */ = {isa = PBXFileReference; lastKnownFileType = sourcecode.c.objc; path = VCMenu.m; sourceTree = "<group>"; };
		97F861B54A431239C41EF7EC /* libPods-AudioPlayerTests.a */ = {isa = PBXFileReference; explicitFileType = archive.ar; includeInIndex = 0; path = "libPods-AudioPlayerTests.a"; sourceTree = BUILT_PRODUCTS_DIR; };
		B6F44C9B37CAEF7FAA311FBE /* libPods-AudioPlayerUITests.a */ = {isa = PBXFileReference; explicitFileType = archive.ar; includeInIndex = 0; path = "libPods-AudioPlayerUITests.a"; sourceTree = BUILT_PRODUCTS_DIR; };
		F19B956912A9E2827A135A8D /* libPods-AudioPlayer.a */ = {isa = PBXFileReference; explicitFileType = archive.ar; includeInIndex = 0; path = "libPods-AudioPlayer.a"; sourceTree = BUILT_PRODUCTS_DIR; };
/* End PBXFileReference section */

/* Begin PBXFrameworksBuildPhase section */
		860D6BA5210080A700D05F7F /* Frameworks */ = {
			isa = PBXFrameworksBuildPhase;
			buildActionMask = 2147483647;
			files = (
				FC31AC0067F5847F20F2D2C3 /* libPods-AudioPlayer.a in Frameworks */,
			);
			runOnlyForDeploymentPostprocessing = 0;
		};
		860D6BBD210080AA00D05F7F /* Frameworks */ = {
			isa = PBXFrameworksBuildPhase;
			buildActionMask = 2147483647;
			files = (
				FE2A01F145AB36854778C0FD /* libPods-AudioPlayerTests.a in Frameworks */,
			);
			runOnlyForDeploymentPostprocessing = 0;
		};
		860D6BC8210080AA00D05F7F /* Frameworks */ = {
			isa = PBXFrameworksBuildPhase;
			buildActionMask = 2147483647;
			files = (
				FF11EA2E606C55C621A66001 /* libPods-AudioPlayerUITests.a in Frameworks */,
			);
			runOnlyForDeploymentPostprocessing = 0;
		};
/* End PBXFrameworksBuildPhase section */

/* Begin PBXGroup section */
		2F3E4B91C7692496071B8F90 /* Pods */ = {
			isa = PBXGroup;
			children = (
				6B1F80D1D5CE828FB13318BF /* Pods-AudioPlayer.debug.xcconfig */,
				4FB6CDED64488A044B249003 /* Pods-AudioPlayer.release.xcconfig */,
				2F88FC7F74607E2A560BA931 /* Pods-AudioPlayerTests.debug.xcconfig */,
				3F9D6C5E7D90840382C8E12F /* Pods-AudioPlayerTests.release.xcconfig */,
				81E300819E8363C821535427 /* Pods-AudioPlayerUITests.debug.xcconfig */,
				3DE18BF3FBA0238E051647FE /* Pods-AudioPlayerUITests.release.xcconfig */,
			);
			name = Pods;
			sourceTree = "<group>";
		};
		860D6B9F210080A700D05F7F = {
			isa = PBXGroup;
			children = (
				860D6BAA210080A700D05F7F /* AudioPlayer */,
				860D6BC3210080AA00D05F7F /* AudioPlayerTests */,
				860D6BCE210080AA00D05F7F /* AudioPlayerUITests */,
				860D6BA9210080A700D05F7F /* Products */,
				2F3E4B91C7692496071B8F90 /* Pods */,
				F9FA811A35D398B96C9454E4 /* Frameworks */,
			);
			sourceTree = "<group>";
		};
		860D6BA9210080A700D05F7F /* Products */ = {
			isa = PBXGroup;
			children = (
				860D6BA8210080A700D05F7F /* AudioPlayer.app */,
				860D6BC0210080AA00D05F7F /* AudioPlayerTests.xctest */,
				860D6BCB210080AA00D05F7F /* AudioPlayerUITests.xctest */,
			);
			name = Products;
			sourceTree = "<group>";
		};
		860D6BAA210080A700D05F7F /* AudioPlayer */ = {
			isa = PBXGroup;
			children = (
				864AD3702109DA670050A933 /* AnimationManager */,
				8652C2DB21085A1100B5D399 /* TimeManager */,
				86BF31C02105CFE300522FB4 /* Realm */,
				869959CC210209280062029F /* AudioPlayer */,
				863880472100DB00009F8A66 /* FileManager */,
				8698297F2100B6DB00934B9F /* VC */,
				8698297B2100A07100934B9F /* AudioManager */,
				869829882100CB9C00934B9F /* AlertManager */,
				860D6BAB210080A700D05F7F /* AppDelegate.h */,
				860D6BAC210080A700D05F7F /* AppDelegate.m */,
				860D6BB1210080A800D05F7F /* Main.storyboard */,
				860D6BB4210080A900D05F7F /* Assets.xcassets */,
				860D6BB6210080A900D05F7F /* LaunchScreen.storyboard */,
				860D6BB9210080AA00D05F7F /* Info.plist */,
				860D6BBA210080AA00D05F7F /* main.m */,
			);
			path = AudioPlayer;
			sourceTree = "<group>";
		};
		860D6BC3210080AA00D05F7F /* AudioPlayerTests */ = {
			isa = PBXGroup;
			children = (
				860D6BC4210080AA00D05F7F /* AudioPlayerTests.m */,
				860D6BC6210080AA00D05F7F /* Info.plist */,
			);
			path = AudioPlayerTests;
			sourceTree = "<group>";
		};
		860D6BCE210080AA00D05F7F /* AudioPlayerUITests */ = {
			isa = PBXGroup;
			children = (
				860D6BCF210080AA00D05F7F /* AudioPlayerUITests.m */,
				860D6BD1210080AA00D05F7F /* Info.plist */,
			);
			path = AudioPlayerUITests;
			sourceTree = "<group>";
		};
		8616D584210736AB00AC40FE /* VCRecords */ = {
			isa = PBXGroup;
			children = (
				8616D58821073D2600AC40FE /* RTCell */,
				8616D585210736C100AC40FE /* VCRecords.h */,
				8616D586210736C100AC40FE /* VCRecords.m */,
			);
			path = VCRecords;
			sourceTree = "<group>";
		};
		8616D58821073D2600AC40FE /* RTCell */ = {
			isa = PBXGroup;
			children = (
				8616D58921073D4C00AC40FE /* RTCell.h */,
				8616D58A21073D4C00AC40FE /* RTCell.m */,
			);
			path = RTCell;
			sourceTree = "<group>";
		};
		8616D58C210748C800AC40FE /* STCell */ = {
			isa = PBXGroup;
			children = (
				8616D58D210748DC00AC40FE /* STCell.h */,
				8616D58E210748DC00AC40FE /* STCell.m */,
			);
			path = STCell;
			sourceTree = "<group>";
		};
		863880432100DA79009F8A66 /* VCFileManager */ = {
			isa = PBXGroup;
			children = (
				8616D58C210748C800AC40FE /* STCell */,
				863880442100DA9B009F8A66 /* VCSongs.h */,
				863880452100DA9B009F8A66 /* VCSongs.m */,
			);
			path = VCFileManager;
			sourceTree = "<group>";
		};
		863880472100DB00009F8A66 /* FileManager */ = {
			isa = PBXGroup;
			children = (
				863880482100DB17009F8A66 /* FileManager.h */,
				863880492100DB17009F8A66 /* FileManager.m */,
			);
			path = FileManager;
			sourceTree = "<group>";
		};
		864AD3702109DA670050A933 /* AnimationManager */ = {
			isa = PBXGroup;
			children = (
				864AD3712109DA890050A933 /* AnimationManager.h */,
				864AD3722109DA890050A933 /* AnimationManager.m */,
			);
			path = AnimationManager;
			sourceTree = "<group>";
		};
		8652C2DB21085A1100B5D399 /* TimeManager */ = {
			isa = PBXGroup;
			children = (
				8652C2DC21085A6C00B5D399 /* TimeManager.h */,
				8652C2DD21085A6C00B5D399 /* TimeManager.m */,
			);
			path = TimeManager;
			sourceTree = "<group>";
		};
		8698297B2100A07100934B9F /* AudioManager */ = {
			isa = PBXGroup;
			children = (
				8698297C2100A08900934B9F /* AudioManager.h */,
				8698297D2100A08900934B9F /* AudioManager.m */,
			);
			path = AudioManager;
			sourceTree = "<group>";
		};
		8698297F2100B6DB00934B9F /* VC */ = {
			isa = PBXGroup;
			children = (
				8616D584210736AB00AC40FE /* VCRecords */,
				86BF31C721061A3600522FB4 /* VCMenu */,
				863880432100DA79009F8A66 /* VCFileManager */,
				869829802100B6EF00934B9F /* VCAudioPlayer */,
				869829812100B6FA00934B9F /* VCAudioRecorder */,
			);
			path = VC;
			sourceTree = "<group>";
		};
		869829802100B6EF00934B9F /* VCAudioPlayer */ = {
			isa = PBXGroup;
			children = (
				860D6BDD210080DA00D05F7F /* VCAudioPlayer.h */,
				860D6BDE210080DA00D05F7F /* VCAudioPlayer.m */,
			);
			path = VCAudioPlayer;
			sourceTree = "<group>";
		};
		869829812100B6FA00934B9F /* VCAudioRecorder */ = {
			isa = PBXGroup;
			children = (
				869829852100B74A00934B9F /* VCAudioRecorder.h */,
				869829862100B74A00934B9F /* VCAudioRecorder.m */,
			);
			path = VCAudioRecorder;
			sourceTree = "<group>";
		};
		869829882100CB9C00934B9F /* AlertManager */ = {
			isa = PBXGroup;
			children = (
				8698298A2100CBF900934B9F /* AlertManager.h */,
				8698298B2100CBF900934B9F /* AlertManager.m */,
			);
			path = AlertManager;
			sourceTree = "<group>";
		};
		869959CC210209280062029F /* AudioPlayer */ = {
			isa = PBXGroup;
			children = (
				869959CD2102095D0062029F /* AudioPlayer.h */,
				869959CE2102095D0062029F /* AudioPlayer.m */,
			);
			path = AudioPlayer;
			sourceTree = "<group>";
		};
		86BF31BC2105CC0500522FB4 /* AppManager */ = {
			isa = PBXGroup;
			children = (
				86BF31BD2105CC2800522FB4 /* AppManager.h */,
				86BF31BE2105CC2800522FB4 /* AppManager.m */,
			);
			path = AppManager;
			sourceTree = "<group>";
		};
		86BF31C02105CFE300522FB4 /* Realm */ = {
			isa = PBXGroup;
			children = (
				86BF31BC2105CC0500522FB4 /* AppManager */,
				86BF31C12105CFEB00522FB4 /* RLMFolder */,
			);
			path = Realm;
			sourceTree = "<group>";
		};
		86BF31C12105CFEB00522FB4 /* RLMFolder */ = {
			isa = PBXGroup;
			children = (
				86BF31C22105D02600522FB4 /* RLMFolder.h */,
				86BF31C32105D02600522FB4 /* RLMFolder.m */,
			);
			path = RLMFolder;
			sourceTree = "<group>";
		};
		86BF31C721061A3600522FB4 /* VCMenu */ = {
			isa = PBXGroup;
			children = (
				86BF31C821061A5000522FB4 /* VCMenu.h */,
				86BF31C921061A5000522FB4 /* VCMenu.m */,
			);
			path = VCMenu;
			sourceTree = "<group>";
		};
		F9FA811A35D398B96C9454E4 /* Frameworks */ = {
			isa = PBXGroup;
			children = (
				86BF31C5210617EE00522FB4 /* iTunesLibrary.framework */,
				F19B956912A9E2827A135A8D /* libPods-AudioPlayer.a */,
				97F861B54A431239C41EF7EC /* libPods-AudioPlayerTests.a */,
				B6F44C9B37CAEF7FAA311FBE /* libPods-AudioPlayerUITests.a */,
			);
			name = Frameworks;
			sourceTree = "<group>";
		};
/* End PBXGroup section */

/* Begin PBXNativeTarget section */
		860D6BA7210080A700D05F7F /* AudioPlayer */ = {
			isa = PBXNativeTarget;
			buildConfigurationList = 860D6BD4210080AA00D05F7F /* Build configuration list for PBXNativeTarget "AudioPlayer" */;
			buildPhases = (
				530868519735911D1A86A30D /* [CP] Check Pods Manifest.lock */,
				860D6BA4210080A700D05F7F /* Sources */,
				860D6BA5210080A700D05F7F /* Frameworks */,
				860D6BA6210080A700D05F7F /* Resources */,
			);
			buildRules = (
			);
			dependencies = (
			);
			name = AudioPlayer;
			productName = AudioPlayer;
			productReference = 860D6BA8210080A700D05F7F /* AudioPlayer.app */;
			productType = "com.apple.product-type.application";
		};
		860D6BBF210080AA00D05F7F /* AudioPlayerTests */ = {
			isa = PBXNativeTarget;
			buildConfigurationList = 860D6BD7210080AA00D05F7F /* Build configuration list for PBXNativeTarget "AudioPlayerTests" */;
			buildPhases = (
				CC4E9A19E520C7FCCA9F897C /* [CP] Check Pods Manifest.lock */,
				860D6BBC210080AA00D05F7F /* Sources */,
				860D6BBD210080AA00D05F7F /* Frameworks */,
				860D6BBE210080AA00D05F7F /* Resources */,
			);
			buildRules = (
			);
			dependencies = (
				860D6BC2210080AA00D05F7F /* PBXTargetDependency */,
			);
			name = AudioPlayerTests;
			productName = AudioPlayerTests;
			productReference = 860D6BC0210080AA00D05F7F /* AudioPlayerTests.xctest */;
			productType = "com.apple.product-type.bundle.unit-test";
		};
		860D6BCA210080AA00D05F7F /* AudioPlayerUITests */ = {
			isa = PBXNativeTarget;
			buildConfigurationList = 860D6BDA210080AA00D05F7F /* Build configuration list for PBXNativeTarget "AudioPlayerUITests" */;
			buildPhases = (
				C6B161FD04FBAA79B08B3E3D /* [CP] Check Pods Manifest.lock */,
				860D6BC7210080AA00D05F7F /* Sources */,
				860D6BC8210080AA00D05F7F /* Frameworks */,
				860D6BC9210080AA00D05F7F /* Resources */,
			);
			buildRules = (
			);
			dependencies = (
				860D6BCD210080AA00D05F7F /* PBXTargetDependency */,
			);
			name = AudioPlayerUITests;
			productName = AudioPlayerUITests;
			productReference = 860D6BCB210080AA00D05F7F /* AudioPlayerUITests.xctest */;
			productType = "com.apple.product-type.bundle.ui-testing";
		};
/* End PBXNativeTarget section */

/* Begin PBXProject section */
		860D6BA0210080A700D05F7F /* Project object */ = {
			isa = PBXProject;
			attributes = {
				LastUpgradeCheck = 0940;
				ORGANIZATIONNAME = "Георгий Зубков";
				TargetAttributes = {
					860D6BA7210080A700D05F7F = {
						CreatedOnToolsVersion = 9.4.1;
						SystemCapabilities = {
							com.apple.BackgroundModes = {
								enabled = 1;
							};
						};
					};
					860D6BBF210080AA00D05F7F = {
						CreatedOnToolsVersion = 9.4.1;
						TestTargetID = 860D6BA7210080A700D05F7F;
					};
					860D6BCA210080AA00D05F7F = {
						CreatedOnToolsVersion = 9.4.1;
						TestTargetID = 860D6BA7210080A700D05F7F;
					};
				};
			};
			buildConfigurationList = 860D6BA3210080A700D05F7F /* Build configuration list for PBXProject "AudioPlayer" */;
			compatibilityVersion = "Xcode 9.3";
			developmentRegion = en;
			hasScannedForEncodings = 0;
			knownRegions = (
				en,
				Base,
			);
			mainGroup = 860D6B9F210080A700D05F7F;
			productRefGroup = 860D6BA9210080A700D05F7F /* Products */;
			projectDirPath = "";
			projectRoot = "";
			targets = (
				860D6BA7210080A700D05F7F /* AudioPlayer */,
				860D6BBF210080AA00D05F7F /* AudioPlayerTests */,
				860D6BCA210080AA00D05F7F /* AudioPlayerUITests */,
			);
		};
/* End PBXProject section */

/* Begin PBXResourcesBuildPhase section */
		860D6BA6210080A700D05F7F /* Resources */ = {
			isa = PBXResourcesBuildPhase;
			buildActionMask = 2147483647;
			files = (
				860D6BB8210080A900D05F7F /* LaunchScreen.storyboard in Resources */,
				860D6BB5210080A900D05F7F /* Assets.xcassets in Resources */,
				860D6BB3210080A800D05F7F /* Main.storyboard in Resources */,
			);
			runOnlyForDeploymentPostprocessing = 0;
		};
		860D6BBE210080AA00D05F7F /* Resources */ = {
			isa = PBXResourcesBuildPhase;
			buildActionMask = 2147483647;
			files = (
			);
			runOnlyForDeploymentPostprocessing = 0;
		};
		860D6BC9210080AA00D05F7F /* Resources */ = {
			isa = PBXResourcesBuildPhase;
			buildActionMask = 2147483647;
			files = (
			);
			runOnlyForDeploymentPostprocessing = 0;
		};
/* End PBXResourcesBuildPhase section */

/* Begin PBXShellScriptBuildPhase section */
		530868519735911D1A86A30D /* [CP] Check Pods Manifest.lock */ = {
			isa = PBXShellScriptBuildPhase;
			buildActionMask = 2147483647;
			files = (
			);
			inputPaths = (
				"${PODS_PODFILE_DIR_PATH}/Podfile.lock",
				"${PODS_ROOT}/Manifest.lock",
			);
			name = "[CP] Check Pods Manifest.lock";
			outputPaths = (
				"$(DERIVED_FILE_DIR)/Pods-AudioPlayer-checkManifestLockResult.txt",
			);
			runOnlyForDeploymentPostprocessing = 0;
			shellPath = /bin/sh;
			shellScript = "diff \"${PODS_PODFILE_DIR_PATH}/Podfile.lock\" \"${PODS_ROOT}/Manifest.lock\" > /dev/null\nif [ $? != 0 ] ; then\n    # print error to STDERR\n    echo \"error: The sandbox is not in sync with the Podfile.lock. Run 'pod install' or update your CocoaPods installation.\" >&2\n    exit 1\nfi\n# This output is used by Xcode 'outputs' to avoid re-running this script phase.\necho \"SUCCESS\" > \"${SCRIPT_OUTPUT_FILE_0}\"\n";
			showEnvVarsInLog = 0;
		};
		C6B161FD04FBAA79B08B3E3D /* [CP] Check Pods Manifest.lock */ = {
			isa = PBXShellScriptBuildPhase;
			buildActionMask = 2147483647;
			files = (
			);
			inputPaths = (
				"${PODS_PODFILE_DIR_PATH}/Podfile.lock",
				"${PODS_ROOT}/Manifest.lock",
			);
			name = "[CP] Check Pods Manifest.lock";
			outputPaths = (
				"$(DERIVED_FILE_DIR)/Pods-AudioPlayerUITests-checkManifestLockResult.txt",
			);
			runOnlyForDeploymentPostprocessing = 0;
			shellPath = /bin/sh;
			shellScript = "diff \"${PODS_PODFILE_DIR_PATH}/Podfile.lock\" \"${PODS_ROOT}/Manifest.lock\" > /dev/null\nif [ $? != 0 ] ; then\n    # print error to STDERR\n    echo \"error: The sandbox is not in sync with the Podfile.lock. Run 'pod install' or update your CocoaPods installation.\" >&2\n    exit 1\nfi\n# This output is used by Xcode 'outputs' to avoid re-running this script phase.\necho \"SUCCESS\" > \"${SCRIPT_OUTPUT_FILE_0}\"\n";
			showEnvVarsInLog = 0;
		};
		CC4E9A19E520C7FCCA9F897C /* [CP] Check Pods Manifest.lock */ = {
			isa = PBXShellScriptBuildPhase;
			buildActionMask = 2147483647;
			files = (
			);
			inputPaths = (
				"${PODS_PODFILE_DIR_PATH}/Podfile.lock",
				"${PODS_ROOT}/Manifest.lock",
			);
			name = "[CP] Check Pods Manifest.lock";
			outputPaths = (
				"$(DERIVED_FILE_DIR)/Pods-AudioPlayerTests-checkManifestLockResult.txt",
			);
			runOnlyForDeploymentPostprocessing = 0;
			shellPath = /bin/sh;
			shellScript = "diff \"${PODS_PODFILE_DIR_PATH}/Podfile.lock\" \"${PODS_ROOT}/Manifest.lock\" > /dev/null\nif [ $? != 0 ] ; then\n    # print error to STDERR\n    echo \"error: The sandbox is not in sync with the Podfile.lock. Run 'pod install' or update your CocoaPods installation.\" >&2\n    exit 1\nfi\n# This output is used by Xcode 'outputs' to avoid re-running this script phase.\necho \"SUCCESS\" > \"${SCRIPT_OUTPUT_FILE_0}\"\n";
			showEnvVarsInLog = 0;
		};
/* End PBXShellScriptBuildPhase section */

/* Begin PBXSourcesBuildPhase section */
		860D6BA4210080A700D05F7F /* Sources */ = {
			isa = PBXSourcesBuildPhase;
			buildActionMask = 2147483647;
			files = (
				869829872100B74A00934B9F /* VCAudioRecorder.m in Sources */,
				86BF31CA21061A5000522FB4 /* VCMenu.m in Sources */,
				8652C2DE21085A6C00B5D399 /* TimeManager.m in Sources */,
				860D6BDF210080DA00D05F7F /* VCAudioPlayer.m in Sources */,
				863880462100DA9B009F8A66 /* VCSongs.m in Sources */,
				869959CF2102095D0062029F /* AudioPlayer.m in Sources */,
				8638804A2100DB17009F8A66 /* FileManager.m in Sources */,
				8698298C2100CBF900934B9F /* AlertManager.m in Sources */,
				860D6BBB210080AA00D05F7F /* main.m in Sources */,
				864AD3732109DA890050A933 /* AnimationManager.m in Sources */,
				8616D58F210748DC00AC40FE /* STCell.m in Sources */,
				8616D58B21073D4C00AC40FE /* RTCell.m in Sources */,
				8698297E2100A08900934B9F /* AudioManager.m in Sources */,
				860D6BAD210080A700D05F7F /* AppDelegate.m in Sources */,
				86BF31C42105D02600522FB4 /* RLMFolder.m in Sources */,
				8616D587210736C100AC40FE /* VCRecords.m in Sources */,
				86BF31BF2105CC2800522FB4 /* AppManager.m in Sources */,
			);
			runOnlyForDeploymentPostprocessing = 0;
		};
		860D6BBC210080AA00D05F7F /* Sources */ = {
			isa = PBXSourcesBuildPhase;
			buildActionMask = 2147483647;
			files = (
				860D6BC5210080AA00D05F7F /* AudioPlayerTests.m in Sources */,
			);
			runOnlyForDeploymentPostprocessing = 0;
		};
		860D6BC7210080AA00D05F7F /* Sources */ = {
			isa = PBXSourcesBuildPhase;
			buildActionMask = 2147483647;
			files = (
				860D6BD0210080AA00D05F7F /* AudioPlayerUITests.m in Sources */,
			);
			runOnlyForDeploymentPostprocessing = 0;
		};
/* End PBXSourcesBuildPhase section */

/* Begin PBXTargetDependency section */
		860D6BC2210080AA00D05F7F /* PBXTargetDependency */ = {
			isa = PBXTargetDependency;
			target = 860D6BA7210080A700D05F7F /* AudioPlayer */;
			targetProxy = 860D6BC1210080AA00D05F7F /* PBXContainerItemProxy */;
		};
		860D6BCD210080AA00D05F7F /* PBXTargetDependency */ = {
			isa = PBXTargetDependency;
			target = 860D6BA7210080A700D05F7F /* AudioPlayer */;
			targetProxy = 860D6BCC210080AA00D05F7F /* PBXContainerItemProxy */;
		};
/* End PBXTargetDependency section */

/* Begin PBXVariantGroup section */
		860D6BB1210080A800D05F7F /* Main.storyboard */ = {
			isa = PBXVariantGroup;
			children = (
				860D6BB2210080A800D05F7F /* Base */,
			);
			name = Main.storyboard;
			sourceTree = "<group>";
		};
		860D6BB6210080A900D05F7F /* LaunchScreen.storyboard */ = {
			isa = PBXVariantGroup;
			children = (
				860D6BB7210080A900D05F7F /* Base */,
			);
			name = LaunchScreen.storyboard;
			sourceTree = "<group>";
		};
/* End PBXVariantGroup section */

/* Begin XCBuildConfiguration section */
		860D6BD2210080AA00D05F7F /* Debug */ = {
			isa = XCBuildConfiguration;
			buildSettings = {
				ALWAYS_SEARCH_USER_PATHS = NO;
				CLANG_ANALYZER_NONNULL = YES;
				CLANG_ANALYZER_NUMBER_OBJECT_CONVERSION = YES_AGGRESSIVE;
				CLANG_CXX_LANGUAGE_STANDARD = "gnu++14";
				CLANG_CXX_LIBRARY = "libc++";
				CLANG_ENABLE_MODULES = YES;
				CLANG_ENABLE_OBJC_ARC = YES;
				CLANG_ENABLE_OBJC_WEAK = YES;
				CLANG_WARN_BLOCK_CAPTURE_AUTORELEASING = YES;
				CLANG_WARN_BOOL_CONVERSION = YES;
				CLANG_WARN_COMMA = YES;
				CLANG_WARN_CONSTANT_CONVERSION = YES;
				CLANG_WARN_DEPRECATED_OBJC_IMPLEMENTATIONS = YES;
				CLANG_WARN_DIRECT_OBJC_ISA_USAGE = YES_ERROR;
				CLANG_WARN_DOCUMENTATION_COMMENTS = YES;
				CLANG_WARN_EMPTY_BODY = YES;
				CLANG_WARN_ENUM_CONVERSION = YES;
				CLANG_WARN_INFINITE_RECURSION = YES;
				CLANG_WARN_INT_CONVERSION = YES;
				CLANG_WARN_NON_LITERAL_NULL_CONVERSION = YES;
				CLANG_WARN_OBJC_IMPLICIT_RETAIN_SELF = YES;
				CLANG_WARN_OBJC_LITERAL_CONVERSION = YES;
				CLANG_WARN_OBJC_ROOT_CLASS = YES_ERROR;
				CLANG_WARN_RANGE_LOOP_ANALYSIS = YES;
				CLANG_WARN_STRICT_PROTOTYPES = YES;
				CLANG_WARN_SUSPICIOUS_MOVE = YES;
				CLANG_WARN_UNGUARDED_AVAILABILITY = YES_AGGRESSIVE;
				CLANG_WARN_UNREACHABLE_CODE = YES;
				CLANG_WARN__DUPLICATE_METHOD_MATCH = YES;
				CODE_SIGN_IDENTITY = "iPhone Developer";
				COPY_PHASE_STRIP = NO;
				DEBUG_INFORMATION_FORMAT = dwarf;
				ENABLE_STRICT_OBJC_MSGSEND = YES;
				ENABLE_TESTABILITY = YES;
				GCC_C_LANGUAGE_STANDARD = gnu11;
				GCC_DYNAMIC_NO_PIC = NO;
				GCC_NO_COMMON_BLOCKS = YES;
				GCC_OPTIMIZATION_LEVEL = 0;
				GCC_PREPROCESSOR_DEFINITIONS = (
					"DEBUG=1",
					"$(inherited)",
				);
				GCC_WARN_64_TO_32_BIT_CONVERSION = YES;
				GCC_WARN_ABOUT_RETURN_TYPE = YES_ERROR;
				GCC_WARN_UNDECLARED_SELECTOR = YES;
				GCC_WARN_UNINITIALIZED_AUTOS = YES_AGGRESSIVE;
				GCC_WARN_UNUSED_FUNCTION = YES;
				GCC_WARN_UNUSED_VARIABLE = YES;
				IPHONEOS_DEPLOYMENT_TARGET = 11.4;
				MTL_ENABLE_DEBUG_INFO = YES;
				ONLY_ACTIVE_ARCH = YES;
				SDKROOT = iphoneos;
			};
			name = Debug;
		};
		860D6BD3210080AA00D05F7F /* Release */ = {
			isa = XCBuildConfiguration;
			buildSettings = {
				ALWAYS_SEARCH_USER_PATHS = NO;
				CLANG_ANALYZER_NONNULL = YES;
				CLANG_ANALYZER_NUMBER_OBJECT_CONVERSION = YES_AGGRESSIVE;
				CLANG_CXX_LANGUAGE_STANDARD = "gnu++14";
				CLANG_CXX_LIBRARY = "libc++";
				CLANG_ENABLE_MODULES = YES;
				CLANG_ENABLE_OBJC_ARC = YES;
				CLANG_ENABLE_OBJC_WEAK = YES;
				CLANG_WARN_BLOCK_CAPTURE_AUTORELEASING = YES;
				CLANG_WARN_BOOL_CONVERSION = YES;
				CLANG_WARN_COMMA = YES;
				CLANG_WARN_CONSTANT_CONVERSION = YES;
				CLANG_WARN_DEPRECATED_OBJC_IMPLEMENTATIONS = YES;
				CLANG_WARN_DIRECT_OBJC_ISA_USAGE = YES_ERROR;
				CLANG_WARN_DOCUMENTATION_COMMENTS = YES;
				CLANG_WARN_EMPTY_BODY = YES;
				CLANG_WARN_ENUM_CONVERSION = YES;
				CLANG_WARN_INFINITE_RECURSION = YES;
				CLANG_WARN_INT_CONVERSION = YES;
				CLANG_WARN_NON_LITERAL_NULL_CONVERSION = YES;
				CLANG_WARN_OBJC_IMPLICIT_RETAIN_SELF = YES;
				CLANG_WARN_OBJC_LITERAL_CONVERSION = YES;
				CLANG_WARN_OBJC_ROOT_CLASS = YES_ERROR;
				CLANG_WARN_RANGE_LOOP_ANALYSIS = YES;
				CLANG_WARN_STRICT_PROTOTYPES = YES;
				CLANG_WARN_SUSPICIOUS_MOVE = YES;
				CLANG_WARN_UNGUARDED_AVAILABILITY = YES_AGGRESSIVE;
				CLANG_WARN_UNREACHABLE_CODE = YES;
				CLANG_WARN__DUPLICATE_METHOD_MATCH = YES;
				CODE_SIGN_IDENTITY = "iPhone Developer";
				COPY_PHASE_STRIP = NO;
				DEBUG_INFORMATION_FORMAT = "dwarf-with-dsym";
				ENABLE_NS_ASSERTIONS = NO;
				ENABLE_STRICT_OBJC_MSGSEND = YES;
				GCC_C_LANGUAGE_STANDARD = gnu11;
				GCC_NO_COMMON_BLOCKS = YES;
				GCC_WARN_64_TO_32_BIT_CONVERSION = YES;
				GCC_WARN_ABOUT_RETURN_TYPE = YES_ERROR;
				GCC_WARN_UNDECLARED_SELECTOR = YES;
				GCC_WARN_UNINITIALIZED_AUTOS = YES_AGGRESSIVE;
				GCC_WARN_UNUSED_FUNCTION = YES;
				GCC_WARN_UNUSED_VARIABLE = YES;
				IPHONEOS_DEPLOYMENT_TARGET = 11.4;
				MTL_ENABLE_DEBUG_INFO = NO;
				SDKROOT = iphoneos;
				VALIDATE_PRODUCT = YES;
			};
			name = Release;
		};
		860D6BD5210080AA00D05F7F /* Debug */ = {
			isa = XCBuildConfiguration;
			baseConfigurationReference = 6B1F80D1D5CE828FB13318BF /* Pods-AudioPlayer.debug.xcconfig */;
			buildSettings = {
				ASSETCATALOG_COMPILER_APPICON_NAME = AppIcon;
				CODE_SIGN_STYLE = Automatic;
				DEVELOPMENT_TEAM = 92K8N3QBX8;
				FRAMEWORK_SEARCH_PATHS = (
					"$(inherited)",
					"$(LOCAL_LIBRARY_DIR)/Frameworks",
				);
				INFOPLIST_FILE = AudioPlayer/Info.plist;
				IPHONEOS_DEPLOYMENT_TARGET = 9.0;
				LD_RUNPATH_SEARCH_PATHS = (
					"$(inherited)",
					"@executable_path/Frameworks",
				);
				PRODUCT_BUNDLE_IDENTIFIER = GZ.AudioPlayer;
				PRODUCT_NAME = "$(TARGET_NAME)";
				TARGETED_DEVICE_FAMILY = "1,2";
			};
			name = Debug;
		};
		860D6BD6210080AA00D05F7F /* Release */ = {
			isa = XCBuildConfiguration;
			baseConfigurationReference = 4FB6CDED64488A044B249003 /* Pods-AudioPlayer.release.xcconfig */;
			buildSettings = {
				ASSETCATALOG_COMPILER_APPICON_NAME = AppIcon;
				CODE_SIGN_STYLE = Automatic;
				DEVELOPMENT_TEAM = 92K8N3QBX8;
				FRAMEWORK_SEARCH_PATHS = (
					"$(inherited)",
					"$(LOCAL_LIBRARY_DIR)/Frameworks",
				);
				INFOPLIST_FILE = AudioPlayer/Info.plist;
				IPHONEOS_DEPLOYMENT_TARGET = 9.0;
				LD_RUNPATH_SEARCH_PATHS = (
					"$(inherited)",
					"@executable_path/Frameworks",
				);
				PRODUCT_BUNDLE_IDENTIFIER = GZ.AudioPlayer;
				PRODUCT_NAME = "$(TARGET_NAME)";
				TARGETED_DEVICE_FAMILY = "1,2";
			};
			name = Release;
		};
		860D6BD8210080AA00D05F7F /* Debug */ = {
			isa = XCBuildConfiguration;
			baseConfigurationReference = 2F88FC7F74607E2A560BA931 /* Pods-AudioPlayerTests.debug.xcconfig */;
			buildSettings = {
				BUNDLE_LOADER = "$(TEST_HOST)";
				CODE_SIGN_STYLE = Automatic;
				DEVELOPMENT_TEAM = 92K8N3QBX8;
				INFOPLIST_FILE = AudioPlayerTests/Info.plist;
				LD_RUNPATH_SEARCH_PATHS = (
					"$(inherited)",
					"@executable_path/Frameworks",
					"@loader_path/Frameworks",
				);
				PRODUCT_BUNDLE_IDENTIFIER = GZ.AudioPlayerTests;
				PRODUCT_NAME = "$(TARGET_NAME)";
				TARGETED_DEVICE_FAMILY = "1,2";
				TEST_HOST = "$(BUILT_PRODUCTS_DIR)/AudioPlayer.app/AudioPlayer";
			};
			name = Debug;
		};
		860D6BD9210080AA00D05F7F /* Release */ = {
			isa = XCBuildConfiguration;
			baseConfigurationReference = 3F9D6C5E7D90840382C8E12F /* Pods-AudioPlayerTests.release.xcconfig */;
			buildSettings = {
				BUNDLE_LOADER = "$(TEST_HOST)";
				CODE_SIGN_STYLE = Automatic;
				DEVELOPMENT_TEAM = 92K8N3QBX8;
				INFOPLIST_FILE = AudioPlayerTests/Info.plist;
				LD_RUNPATH_SEARCH_PATHS = (
					"$(inherited)",
					"@executable_path/Frameworks",
					"@loader_path/Frameworks",
				);
				PRODUCT_BUNDLE_IDENTIFIER = GZ.AudioPlayerTests;
				PRODUCT_NAME = "$(TARGET_NAME)";
				TARGETED_DEVICE_FAMILY = "1,2";
				TEST_HOST = "$(BUILT_PRODUCTS_DIR)/AudioPlayer.app/AudioPlayer";
			};
			name = Release;
		};
		860D6BDB210080AA00D05F7F /* Debug */ = {
			isa = XCBuildConfiguration;
			baseConfigurationReference = 81E300819E8363C821535427 /* Pods-AudioPlayerUITests.debug.xcconfig */;
			buildSettings = {
				CODE_SIGN_STYLE = Automatic;
				DEVELOPMENT_TEAM = 92K8N3QBX8;
				INFOPLIST_FILE = AudioPlayerUITests/Info.plist;
				LD_RUNPATH_SEARCH_PATHS = (
					"$(inherited)",
					"@executable_path/Frameworks",
					"@loader_path/Frameworks",
				);
				PRODUCT_BUNDLE_IDENTIFIER = GZ.AudioPlayerUITests;
				PRODUCT_NAME = "$(TARGET_NAME)";
				TARGETED_DEVICE_FAMILY = "1,2";
				TEST_TARGET_NAME = AudioPlayer;
			};
			name = Debug;
		};
		860D6BDC210080AA00D05F7F /* Release */ = {
			isa = XCBuildConfiguration;
			baseConfigurationReference = 3DE18BF3FBA0238E051647FE /* Pods-AudioPlayerUITests.release.xcconfig */;
			buildSettings = {
				CODE_SIGN_STYLE = Automatic;
				DEVELOPMENT_TEAM = 92K8N3QBX8;
				INFOPLIST_FILE = AudioPlayerUITests/Info.plist;
				LD_RUNPATH_SEARCH_PATHS = (
					"$(inherited)",
					"@executable_path/Frameworks",
					"@loader_path/Frameworks",
				);
				PRODUCT_BUNDLE_IDENTIFIER = GZ.AudioPlayerUITests;
				PRODUCT_NAME = "$(TARGET_NAME)";
				TARGETED_DEVICE_FAMILY = "1,2";
				TEST_TARGET_NAME = AudioPlayer;
			};
			name = Release;
		};
/* End XCBuildConfiguration section */

/* Begin XCConfigurationList section */
		860D6BA3210080A700D05F7F /* Build configuration list for PBXProject "AudioPlayer" */ = {
			isa = XCConfigurationList;
			buildConfigurations = (
				860D6BD2210080AA00D05F7F /* Debug */,
				860D6BD3210080AA00D05F7F /* Release */,
			);
			defaultConfigurationIsVisible = 0;
			defaultConfigurationName = Release;
		};
		860D6BD4210080AA00D05F7F /* Build configuration list for PBXNativeTarget "AudioPlayer" */ = {
			isa = XCConfigurationList;
			buildConfigurations = (
				860D6BD5210080AA00D05F7F /* Debug */,
				860D6BD6210080AA00D05F7F /* Release */,
			);
			defaultConfigurationIsVisible = 0;
			defaultConfigurationName = Release;
		};
		860D6BD7210080AA00D05F7F /* Build configuration list for PBXNativeTarget "AudioPlayerTests" */ = {
			isa = XCConfigurationList;
			buildConfigurations = (
				860D6BD8210080AA00D05F7F /* Debug */,
				860D6BD9210080AA00D05F7F /* Release */,
			);
			defaultConfigurationIsVisible = 0;
			defaultConfigurationName = Release;
		};
		860D6BDA210080AA00D05F7F /* Build configuration list for PBXNativeTarget "AudioPlayerUITests" */ = {
			isa = XCConfigurationList;
			buildConfigurations = (
				860D6BDB210080AA00D05F7F /* Debug */,
				860D6BDC210080AA00D05F7F /* Release */,
			);
			defaultConfigurationIsVisible = 0;
			defaultConfigurationName = Release;
		};
/* End XCConfigurationList section */
	};
	rootObject = 860D6BA0210080A700D05F7F /* Project object */;
}
